// !$*UTF8*$!
{
	archiveVersion = 1;
	classes = {
	};
	objectVersion = 56;
	objects = {

/* Begin PBXBuildFile section */
		A1234567890ABCDEF001 /* MovieDropApp.swift in Sources */ = {isa = PBXBuildFile; fileRef = A1234567890ABCDEF000 /* MovieDropApp.swift */; };
		A1234567890ABCDEF003 /* ContentView.swift in Sources */ = {isa = PBXBuildFile; fileRef = A1234567890ABCDEF002 /* ContentView.swift */; };
		A1234567890ABCDEF040 /* IntroView.swift in Sources */ = {isa = PBXBuildFile; fileRef = A1234567890ABCDEF041 /* IntroView.swift */; };
		A1234567890ABCDEF005 /* Assets.xcassets in Resources */ = {isa = PBXBuildFile; fileRef = A1234567890ABCDEF004 /* Assets.xcassets */; };
		A1234567890ABCDEF008 /* Preview Assets.xcassets in Resources */ = {isa = PBXBuildFile; fileRef = A1234567890ABCDEF007 /* Preview Assets.xcassets */; };
		A1234567890ABCDEF00A /* MovieDropMessageExtension.appex in Embed Foundation Extensions */ = {isa = PBXBuildFile; fileRef = A1234567890ABCDEF009 /* MovieDropMessageExtension.appex */; settings = {ATTRIBUTES = (RemoveHeadersOnCopy, ); }; };
		A1234567890ABCDEF00C /* MessagesViewController.swift in Sources */ = {isa = PBXBuildFile; fileRef = A1234567890ABCDEF00B /* MessagesViewController.swift */; };
		A1234567890ABCDEF010 /* Assets.xcassets in Resources */ = {isa = PBXBuildFile; fileRef = A1234567890ABCDEF00F /* Assets.xcassets */; };
		A1234567890ABCDEF030 /* Movie.swift in Sources */ = {isa = PBXBuildFile; fileRef = A1234567890ABCDEF02F /* Movie.swift */; };
		A1234567890ABCDEF032 /* MovieService.swift in Sources */ = {isa = PBXBuildFile; fileRef = A1234567890ABCDEF031 /* MovieService.swift */; };
		A1234567890ABCDEF035 /* Movie.swift in Sources */ = {isa = PBXBuildFile; fileRef = A1234567890ABCDEF039 /* Movie.swift */; };
		A1234567890ABCDEF036 /* MovieService.swift in Sources */ = {isa = PBXBuildFile; fileRef = A1234567890ABCDEF03A /* MovieService.swift */; };
		A1234567890ABCDEF03B /* StreamingService.swift in Sources */ = {isa = PBXBuildFile; fileRef = A1234567890ABCDEF03C /* StreamingService.swift */; };
		A1234567890ABCDEF03D /* StreamingService.swift in Sources */ = {isa = PBXBuildFile; fileRef = A1234567890ABCDEF03E /* StreamingService.swift */; };
/* End PBXBuildFile section */

/* Begin PBXContainerItemProxy section */
		A1234567890ABCDEF011 /* PBXContainerItemProxy */ = {
			isa = PBXContainerItemProxy;
			containerPortal = A1234567890ABCDEF012 /* Project object */;
			proxyType = 1;
			remoteGlobalIDString = A1234567890ABCDEF013;
			remoteInfo = MovieDropMessageExtension;
		};
/* End PBXContainerItemProxy section */

/* Begin PBXCopyFilesBuildPhase section */
		A1234567890ABCDEF014 /* Embed Foundation Extensions */ = {
			isa = PBXCopyFilesBuildPhase;
			buildActionMask = 2147483647;
			dstPath = "";
			dstSubfolderSpec = 13;
			files = (
				A1234567890ABCDEF00A /* MovieDropMessageExtension.appex in Embed Foundation Extensions */,
			);
			name = "Embed Foundation Extensions";
			runOnlyForDeploymentPostprocessing = 0;
		};
/* End PBXCopyFilesBuildPhase section */

/* Begin PBXFileReference section */
		A1234567890ABCDEF000 /* MovieDropApp.swift */ = {isa = PBXFileReference; lastKnownFileType = sourcecode.swift; path = MovieDropApp.swift; sourceTree = "<group>"; };
		A1234567890ABCDEF002 /* ContentView.swift */ = {isa = PBXFileReference; lastKnownFileType = sourcecode.swift; path = ContentView.swift; sourceTree = "<group>"; };
		A1234567890ABCDEF041 /* IntroView.swift */ = {isa = PBXFileReference; lastKnownFileType = sourcecode.swift; path = IntroView.swift; sourceTree = "<group>"; };
		A1234567890ABCDEF004 /* Assets.xcassets */ = {isa = PBXFileReference; lastKnownFileType = folder.assetcatalog; path = Assets.xcassets; sourceTree = "<group>"; };
		A1234567890ABCDEF007 /* Preview Assets.xcassets */ = {isa = PBXFileReference; lastKnownFileType = folder.assetcatalog; path = "Preview Assets.xcassets"; sourceTree = "<group>"; };
		A1234567890ABCDEF009 /* MovieDropMessageExtension.appex */ = {isa = PBXFileReference; explicitFileType = "wrapper.app-extension"; includeInIndex = 0; path = MovieDropMessageExtension.appex; sourceTree = BUILT_PRODUCTS_DIR; };
		A1234567890ABCDEF00B /* MessagesViewController.swift */ = {isa = PBXFileReference; lastKnownFileType = sourcecode.swift; path = MessagesViewController.swift; sourceTree = "<group>"; };
		A1234567890ABCDEF00F /* Assets.xcassets */ = {isa = PBXFileReference; lastKnownFileType = folder.assetcatalog; path = Assets.xcassets; sourceTree = "<group>"; };
		A1234567890ABCDEF015 /* MovieDrop.app */ = {isa = PBXFileReference; explicitFileType = wrapper.application; includeInIndex = 0; path = MovieDrop.app; sourceTree = BUILT_PRODUCTS_DIR; };
		A1234567890ABCDEF016 /* Info.plist */ = {isa = PBXFileReference; lastKnownFileType = text.plist.xml; path = Info.plist; sourceTree = "<group>"; };
		A1234567890ABCDEF017 /* Info.plist */ = {isa = PBXFileReference; lastKnownFileType = text.plist.xml; path = Info.plist; sourceTree = "<group>"; };
		A1234567890ABCDEF02F /* Movie.swift */ = {isa = PBXFileReference; lastKnownFileType = sourcecode.swift; path = Movie.swift; sourceTree = "<group>"; };
		A1234567890ABCDEF031 /* MovieService.swift */ = {isa = PBXFileReference; lastKnownFileType = sourcecode.swift; path = MovieService.swift; sourceTree = "<group>"; };
		A1234567890ABCDEF039 /* Movie.swift */ = {isa = PBXFileReference; lastKnownFileType = sourcecode.swift; path = Movie.swift; sourceTree = "<group>"; };
		A1234567890ABCDEF03A /* MovieService.swift */ = {isa = PBXFileReference; lastKnownFileType = sourcecode.swift; path = MovieService.swift; sourceTree = "<group>"; };
		A1234567890ABCDEF03C /* StreamingService.swift */ = {isa = PBXFileReference; lastKnownFileType = sourcecode.swift; path = StreamingService.swift; sourceTree = "<group>"; };
		A1234567890ABCDEF03E /* StreamingService.swift */ = {isa = PBXFileReference; lastKnownFileType = sourcecode.swift; path = StreamingService.swift; sourceTree = "<group>"; };
/* End PBXFileReference section */

/* Begin PBXFrameworksBuildPhase section */
		A1234567890ABCDEF018 /* Frameworks */ = {
			isa = PBXFrameworksBuildPhase;
			buildActionMask = 2147483647;
			files = (
			);
			runOnlyForDeploymentPostprocessing = 0;
		};
		A1234567890ABCDEF019 /* Frameworks */ = {
			isa = PBXFrameworksBuildPhase;
			buildActionMask = 2147483647;
			files = (
			);
			runOnlyForDeploymentPostprocessing = 0;
		};
/* End PBXFrameworksBuildPhase section */

/* Begin PBXGroup section */
		A1234567890ABCDEF01A = {
			isa = PBXGroup;
			children = (
				A1234567890ABCDEF01B /* MovieDrop */,
				A1234567890ABCDEF01C /* MovieDropMessageExtension */,
				A1234567890ABCDEF01D /* Products */,
			);
			sourceTree = "<group>";
		};
		A1234567890ABCDEF01B /* MovieDrop */ = {
			isa = PBXGroup;
			children = (
				A1234567890ABCDEF000 /* MovieDropApp.swift */,
				A1234567890ABCDEF002 /* ContentView.swift */,
				A1234567890ABCDEF041 /* IntroView.swift */,
				A1234567890ABCDEF037 /* Models */,
				A1234567890ABCDEF038 /* Services */,
				A1234567890ABCDEF004 /* Assets.xcassets */,
				A1234567890ABCDEF016 /* Info.plist */,
				A1234567890ABCDEF01E /* Preview Content */,
			);
			path = MovieDrop;
			sourceTree = "<group>";
		};
		A1234567890ABCDEF01C /* MovieDropMessageExtension */ = {
			isa = PBXGroup;
			children = (
				A1234567890ABCDEF00B /* MessagesViewController.swift */,
				A1234567890ABCDEF033 /* Models */,
				A1234567890ABCDEF034 /* Services */,
				A1234567890ABCDEF00F /* Assets.xcassets */,
				A1234567890ABCDEF017 /* Info.plist */,
			);
			path = MovieDropMessageExtension;
			sourceTree = "<group>";
		};
		A1234567890ABCDEF01D /* Products */ = {
			isa = PBXGroup;
			children = (
				A1234567890ABCDEF015 /* MovieDrop.app */,
				A1234567890ABCDEF009 /* MovieDropMessageExtension.appex */,
			);
			name = Products;
			sourceTree = "<group>";
		};
		A1234567890ABCDEF01E /* Preview Content */ = {
			isa = PBXGroup;
			children = (
				A1234567890ABCDEF007 /* Preview Assets.xcassets */,
			);
			path = "Preview Content";
			sourceTree = "<group>";
		};
		A1234567890ABCDEF033 /* Models */ = {
			isa = PBXGroup;
			children = (
				A1234567890ABCDEF02F /* Movie.swift */,
			);
			path = Models;
			sourceTree = "<group>";
		};
		A1234567890ABCDEF034 /* Services */ = {
			isa = PBXGroup;
			children = (
				A1234567890ABCDEF031 /* MovieService.swift */,
				A1234567890ABCDEF03C /* StreamingService.swift */,
			);
			path = Services;
			sourceTree = "<group>";
		};
		A1234567890ABCDEF037 /* Models */ = {
			isa = PBXGroup;
			children = (
				A1234567890ABCDEF039 /* Movie.swift */,
			);
			path = Models;
			sourceTree = "<group>";
		};
		A1234567890ABCDEF038 /* Services */ = {
			isa = PBXGroup;
			children = (
				A1234567890ABCDEF03A /* MovieService.swift */,
				A1234567890ABCDEF03E /* StreamingService.swift */,
			);
			path = Services;
			sourceTree = "<group>";
		};
/* End PBXGroup section */

/* Begin PBXNativeTarget section */
		A1234567890ABCDEF013 /* MovieDropMessageExtension */ = {
			isa = PBXNativeTarget;
			buildConfigurationList = A1234567890ABCDEF024 /* Build configuration list for PBXNativeTarget "MovieDropMessageExtension" */;
			buildPhases = (
				A1234567890ABCDEF025 /* Sources */,
				A1234567890ABCDEF019 /* Frameworks */,
				A1234567890ABCDEF026 /* Resources */,
			);
			buildRules = (
			);
			dependencies = (
			);
			name = MovieDropMessageExtension;
			productName = MovieDropMessageExtension;
			productReference = A1234567890ABCDEF009 /* MovieDropMessageExtension.appex */;
			productType = "com.apple.product-type.app-extension";
		};
		A1234567890ABCDEF01F /* MovieDrop */ = {
			isa = PBXNativeTarget;
			buildConfigurationList = A1234567890ABCDEF020 /* Build configuration list for PBXNativeTarget "MovieDrop" */;
			buildPhases = (
				A1234567890ABCDEF021 /* Sources */,
				A1234567890ABCDEF018 /* Frameworks */,
				A1234567890ABCDEF022 /* Resources */,
				A1234567890ABCDEF014 /* Embed Foundation Extensions */,
			);
			buildRules = (
			);
			dependencies = (
				A1234567890ABCDEF023 /* PBXTargetDependency */,
			);
			name = MovieDrop;
			productName = MovieDrop;
			productReference = A1234567890ABCDEF015 /* MovieDrop.app */;
			productType = "com.apple.product-type.application";
		};
/* End PBXNativeTarget section */

/* Begin PBXProject section */
		A1234567890ABCDEF012 /* Project object */ = {
			isa = PBXProject;
			attributes = {
				BuildIndependentTargetsInParallel = 1;
				LastSwiftUpdateCheck = 1500;
				LastUpgradeCheck = 1620;
				TargetAttributes = {
					A1234567890ABCDEF013 = {
						CreatedOnToolsVersion = 15.0;
					};
					A1234567890ABCDEF01F = {
						CreatedOnToolsVersion = 15.0;
					};
				};
			};
			buildConfigurationList = A1234567890ABCDEF027 /* Build configuration list for PBXProject "MovieDrop" */;
			compatibilityVersion = "Xcode 14.0";
			developmentRegion = en;
			hasScannedForEncodings = 0;
			knownRegions = (
				en,
				Base,
			);
			mainGroup = A1234567890ABCDEF01A;
			productRefGroup = A1234567890ABCDEF01D /* Products */;
			projectDirPath = "";
			projectRoot = "";
			targets = (
				A1234567890ABCDEF01F /* MovieDrop */,
				A1234567890ABCDEF013 /* MovieDropMessageExtension */,
			);
		};
/* End PBXProject section */

/* Begin PBXResourcesBuildPhase section */
		A1234567890ABCDEF022 /* Resources */ = {
			isa = PBXResourcesBuildPhase;
			buildActionMask = 2147483647;
			files = (
				A1234567890ABCDEF008 /* Preview Assets.xcassets in Resources */,
				A1234567890ABCDEF005 /* Assets.xcassets in Resources */,
			);
			runOnlyForDeploymentPostprocessing = 0;
		};
		A1234567890ABCDEF026 /* Resources */ = {
			isa = PBXResourcesBuildPhase;
			buildActionMask = 2147483647;
			files = (
				A1234567890ABCDEF010 /* Assets.xcassets in Resources */,
			);
			runOnlyForDeploymentPostprocessing = 0;
		};
/* End PBXResourcesBuildPhase section */

/* Begin PBXSourcesBuildPhase section */
		A1234567890ABCDEF021 /* Sources */ = {
			isa = PBXSourcesBuildPhase;
			buildActionMask = 2147483647;
			files = (
				A1234567890ABCDEF003 /* ContentView.swift in Sources */,
				A1234567890ABCDEF001 /* MovieDropApp.swift in Sources */,
				A1234567890ABCDEF040 /* IntroView.swift in Sources */,
				A1234567890ABCDEF035 /* Movie.swift in Sources */,
				A1234567890ABCDEF036 /* MovieService.swift in Sources */,
				A1234567890ABCDEF03B /* StreamingService.swift in Sources */,
			);
			runOnlyForDeploymentPostprocessing = 0;
		};
		A1234567890ABCDEF025 /* Sources */ = {
			isa = PBXSourcesBuildPhase;
			buildActionMask = 2147483647;
			files = (
				A1234567890ABCDEF00C /* MessagesViewController.swift in Sources */,
				A1234567890ABCDEF030 /* Movie.swift in Sources */,
				A1234567890ABCDEF032 /* MovieService.swift in Sources */,
				A1234567890ABCDEF03D /* StreamingService.swift in Sources */,
			);
			runOnlyForDeploymentPostprocessing = 0;
		};
/* End PBXSourcesBuildPhase section */

/* Begin PBXTargetDependency section */
		A1234567890ABCDEF023 /* PBXTargetDependency */ = {
			isa = PBXTargetDependency;
			target = A1234567890ABCDEF013 /* MovieDropMessageExtension */;
			targetProxy = A1234567890ABCDEF011 /* PBXContainerItemProxy */;
		};
/* End PBXTargetDependency section */

/* Begin XCBuildConfiguration section */
		A1234567890ABCDEF029 /* Debug */ = {
			isa = XCBuildConfiguration;
			buildSettings = {
				ALWAYS_SEARCH_USER_PATHS = NO;
				ASSETCATALOG_COMPILER_GENERATE_SWIFT_ASSET_SYMBOL_EXTENSIONS = YES;
				CLANG_ANALYZER_NONNULL = YES;
				CLANG_ANALYZER_NUMBER_OBJECT_CONVERSION = YES_AGGRESSIVE;
				CLANG_CXX_LANGUAGE_STANDARD = "gnu++20";
				CLANG_ENABLE_MODULES = YES;
				CLANG_ENABLE_OBJC_ARC = YES;
				CLANG_ENABLE_OBJC_WEAK = YES;
				CLANG_WARN_BLOCK_CAPTURE_AUTORELEASING = YES;
				CLANG_WARN_BOOL_CONVERSION = YES;
				CLANG_WARN_COMMA = YES;
				CLANG_WARN_CONSTANT_CONVERSION = YES;
				CLANG_WARN_DEPRECATED_OBJC_IMPLEMENTATIONS = YES;
				CLANG_WARN_DIRECT_OBJC_ISA_USAGE = YES_ERROR;
				CLANG_WARN_DOCUMENTATION_COMMENTS = YES;
				CLANG_WARN_EMPTY_BODY = YES;
				CLANG_WARN_ENUM_CONVERSION = YES;
				CLANG_WARN_INFINITE_RECURSION = YES;
				CLANG_WARN_INT_CONVERSION = YES;
				CLANG_WARN_NON_LITERAL_NULL_CONVERSION = YES;
				CLANG_WARN_OBJC_IMPLICIT_RETAIN_SELF = YES;
				CLANG_WARN_OBJC_LITERAL_CONVERSION = YES;
				CLANG_WARN_OBJC_ROOT_CLASS = YES_ERROR;
				CLANG_WARN_QUOTED_INCLUDE_IN_FRAMEWORK_HEADER = YES;
				CLANG_WARN_RANGE_LOOP_ANALYSIS = YES;
				CLANG_WARN_STRICT_PROTOTYPES = YES;
				CLANG_WARN_SUSPICIOUS_MOVE = YES;
				CLANG_WARN_UNGUARDED_AVAILABILITY = YES_AGGRESSIVE;
				CLANG_WARN_UNREACHABLE_CODE = YES;
				CLANG_WARN__DUPLICATE_METHOD_MATCH = YES;
				COPY_PHASE_STRIP = NO;
				DEBUG_INFORMATION_FORMAT = dwarf;
				ENABLE_STRICT_OBJC_MSGSEND = YES;
				ENABLE_TESTABILITY = YES;
				ENABLE_USER_SCRIPT_SANDBOXING = YES;
				GCC_C_LANGUAGE_STANDARD = gnu17;
				GCC_DYNAMIC_NO_PIC = NO;
				GCC_NO_COMMON_BLOCKS = YES;
				GCC_OPTIMIZATION_LEVEL = 0;
				GCC_PREPROCESSOR_DEFINITIONS = (
					"DEBUG=1",
					"$(inherited)",
				);
				GCC_WARN_64_TO_32_BIT_CONVERSION = YES;
				GCC_WARN_ABOUT_RETURN_TYPE = YES_ERROR;
				GCC_WARN_UNDECLARED_SELECTOR = YES;
				GCC_WARN_UNINITIALIZED_AUTOS = YES_AGGRESSIVE;
				GCC_WARN_UNUSED_FUNCTION = YES;
				GCC_WARN_UNUSED_VARIABLE = YES;
				IPHONEOS_DEPLOYMENT_TARGET = 17.0;
				LOCALIZATION_PREFERS_STRING_CATALOGS = YES;
				MTL_ENABLE_DEBUG_INFO = INCLUDE_SOURCE;
				MTL_FAST_MATH = YES;
				ONLY_ACTIVE_ARCH = YES;
				SDKROOT = iphoneos;
				SWIFT_ACTIVE_COMPILATION_CONDITIONS = "DEBUG $(inherited)";
				SWIFT_OPTIMIZATION_LEVEL = "-Onone";
			};
			name = Debug;
		};
		A1234567890ABCDEF02A /* Release */ = {
			isa = XCBuildConfiguration;
			buildSettings = {
				ALWAYS_SEARCH_USER_PATHS = NO;
				ASSETCATALOG_COMPILER_GENERATE_SWIFT_ASSET_SYMBOL_EXTENSIONS = YES;
				CLANG_ANALYZER_NONNULL = YES;
				CLANG_ANALYZER_NUMBER_OBJECT_CONVERSION = YES_AGGRESSIVE;
				CLANG_CXX_LANGUAGE_STANDARD = "gnu++20";
				CLANG_ENABLE_MODULES = YES;
				CLANG_ENABLE_OBJC_ARC = YES;
				CLANG_ENABLE_OBJC_WEAK = YES;
				CLANG_WARN_BLOCK_CAPTURE_AUTORELEASING = YES;
				CLANG_WARN_BOOL_CONVERSION = YES;
				CLANG_WARN_COMMA = YES;
				CLANG_WARN_CONSTANT_CONVERSION = YES;
				CLANG_WARN_DEPRECATED_OBJC_IMPLEMENTATIONS = YES;
				CLANG_WARN_DIRECT_OBJC_ISA_USAGE = YES_ERROR;
				CLANG_WARN_DOCUMENTATION_COMMENTS = YES;
				CLANG_WARN_EMPTY_BODY = YES;
				CLANG_WARN_ENUM_CONVERSION = YES;
				CLANG_WARN_INFINITE_RECURSION = YES;
				CLANG_WARN_INT_CONVERSION = YES;
				CLANG_WARN_NON_LITERAL_NULL_CONVERSION = YES;
				CLANG_WARN_OBJC_IMPLICIT_RETAIN_SELF = YES;
				CLANG_WARN_OBJC_LITERAL_CONVERSION = YES;
				CLANG_WARN_OBJC_ROOT_CLASS = YES_ERROR;
				CLANG_WARN_QUOTED_INCLUDE_IN_FRAMEWORK_HEADER = YES;
				CLANG_WARN_RANGE_LOOP_ANALYSIS = YES;
				CLANG_WARN_STRICT_PROTOTYPES = YES;
				CLANG_WARN_SUSPICIOUS_MOVE = YES;
				CLANG_WARN_UNGUARDED_AVAILABILITY = YES_AGGRESSIVE;
				CLANG_WARN_UNREACHABLE_CODE = YES;
				CLANG_WARN__DUPLICATE_METHOD_MATCH = YES;
				COPY_PHASE_STRIP = NO;
				DEBUG_INFORMATION_FORMAT = "dwarf-with-dsym";
				ENABLE_NS_ASSERTIONS = NO;
				ENABLE_STRICT_OBJC_MSGSEND = YES;
				ENABLE_USER_SCRIPT_SANDBOXING = YES;
				GCC_C_LANGUAGE_STANDARD = gnu17;
				GCC_NO_COMMON_BLOCKS = YES;
				GCC_WARN_64_TO_32_BIT_CONVERSION = YES;
				GCC_WARN_ABOUT_RETURN_TYPE = YES_ERROR;
				GCC_WARN_UNDECLARED_SELECTOR = YES;
				GCC_WARN_UNINITIALIZED_AUTOS = YES_AGGRESSIVE;
				GCC_WARN_UNUSED_FUNCTION = YES;
				GCC_WARN_UNUSED_VARIABLE = YES;
				IPHONEOS_DEPLOYMENT_TARGET = 17.0;
				LOCALIZATION_PREFERS_STRING_CATALOGS = YES;
				MTL_ENABLE_DEBUG_INFO = NO;
				MTL_FAST_MATH = YES;
				SDKROOT = iphoneos;
				SWIFT_COMPILATION_MODE = wholemodule;
				VALIDATE_PRODUCT = YES;
			};
			name = Release;
		};
		A1234567890ABCDEF02B /* Debug */ = {
			isa = XCBuildConfiguration;
			buildSettings = {
				ASSETCATALOG_COMPILER_APPICON_NAME = AppIcon;
				ASSETCATALOG_COMPILER_GLOBAL_ACCENT_COLOR_NAME = AccentColor;
				CODE_SIGN_STYLE = Automatic;
				CURRENT_PROJECT_VERSION = 1;
				DEVELOPMENT_ASSET_PATHS = "\"MovieDrop/Preview Content\"";
				DEVELOPMENT_TEAM = AFCN9R4Y39;
				ENABLE_PREVIEWS = YES;
				GENERATE_INFOPLIST_FILE = YES;
				INFOPLIST_FILE = MovieDrop/Info.plist;
				INFOPLIST_KEY_UIApplicationSceneManifest_Generation = YES;
				INFOPLIST_KEY_UIApplicationSupportsIndirectInputEvents = YES;
				INFOPLIST_KEY_UILaunchScreen_Generation = YES;
				INFOPLIST_KEY_UISupportedInterfaceOrientations_iPad = "UIInterfaceOrientationPortrait UIInterfaceOrientationPortraitUpsideDown UIInterfaceOrientationLandscapeLeft UIInterfaceOrientationLandscapeRight";
				INFOPLIST_KEY_UISupportedInterfaceOrientations_iPhone = "UIInterfaceOrientationPortrait UIInterfaceOrientationLandscapeLeft UIInterfaceOrientationLandscapeRight";
				LD_RUNPATH_SEARCH_PATHS = (
					"$(inherited)",
					"@executable_path/Frameworks",
				);
				MARKETING_VERSION = 1.0;
				PRODUCT_BUNDLE_IDENTIFIER = com.moviedrop.app;
				PRODUCT_NAME = "$(TARGET_NAME)";
				SWIFT_EMIT_LOC_STRINGS = YES;
				SWIFT_VERSION = 5.0;
				TARGETED_DEVICE_FAMILY = "1,2";
			};
			name = Debug;
		};
		A1234567890ABCDEF02C /* Release */ = {
			isa = XCBuildConfiguration;
			buildSettings = {
				ASSETCATALOG_COMPILER_APPICON_NAME = AppIcon;
				ASSETCATALOG_COMPILER_GLOBAL_ACCENT_COLOR_NAME = AccentColor;
				CODE_SIGN_STYLE = Automatic;
				CURRENT_PROJECT_VERSION = 1;
				DEVELOPMENT_ASSET_PATHS = "\"MovieDrop/Preview Content\"";
				DEVELOPMENT_TEAM = AFCN9R4Y39;
				ENABLE_PREVIEWS = YES;
				GENERATE_INFOPLIST_FILE = YES;
				INFOPLIST_FILE = MovieDrop/Info.plist;
				INFOPLIST_KEY_UIApplicationSceneManifest_Generation = YES;
				INFOPLIST_KEY_UIApplicationSupportsIndirectInputEvents = YES;
				INFOPLIST_KEY_UILaunchScreen_Generation = YES;
				INFOPLIST_KEY_UISupportedInterfaceOrientations_iPad = "UIInterfaceOrientationPortrait UIInterfaceOrientationPortraitUpsideDown UIInterfaceOrientationLandscapeLeft UIInterfaceOrientationLandscapeRight";
				INFOPLIST_KEY_UISupportedInterfaceOrientations_iPhone = "UIInterfaceOrientationPortrait UIInterfaceOrientationLandscapeLeft UIInterfaceOrientationLandscapeRight";
				LD_RUNPATH_SEARCH_PATHS = (
					"$(inherited)",
					"@executable_path/Frameworks",
				);
				MARKETING_VERSION = 1.0;
				PRODUCT_BUNDLE_IDENTIFIER = com.moviedrop.app;
				PRODUCT_NAME = "$(TARGET_NAME)";
				SWIFT_EMIT_LOC_STRINGS = YES;
				SWIFT_VERSION = 5.0;
				TARGETED_DEVICE_FAMILY = "1,2";
			};
			name = Release;
		};
		A1234567890ABCDEF02D /* Debug */ = {
			isa = XCBuildConfiguration;
			buildSettings = {
				ASSETCATALOG_COMPILER_APPICON_NAME = AppIcon;
				ASSETCATALOG_COMPILER_GLOBAL_ACCENT_COLOR_NAME = AccentColor;
				CODE_SIGN_STYLE = Automatic;
				CURRENT_PROJECT_VERSION = 1;
				DEVELOPMENT_TEAM = AFCN9R4Y39;
				GENERATE_INFOPLIST_FILE = YES;
				INFOPLIST_FILE = MovieDropMessageExtension/Info.plist;
				INFOPLIST_KEY_CFBundleDisplayName = MovieDrop;
				INFOPLIST_KEY_NSHumanReadableCopyright = "";
				LD_RUNPATH_SEARCH_PATHS = (
					"$(inherited)",
					"@executable_path/Frameworks",
					"@executable_path/../../Frameworks",
				);
				MARKETING_VERSION = 1.0;
				PRODUCT_BUNDLE_IDENTIFIER = com.moviedrop.app.MovieDropMessageExtension;
				PRODUCT_NAME = "$(TARGET_NAME)";
				SKIP_INSTALL = YES;
				SWIFT_EMIT_LOC_STRINGS = YES;
				SWIFT_VERSION = 5.0;
				TARGETED_DEVICE_FAMILY = "1,2";
			};
			name = Debug;
		};
		A1234567890ABCDEF02E /* Release */ = {
			isa = XCBuildConfiguration;
			buildSettings = {
				ASSETCATALOG_COMPILER_APPICON_NAME = AppIcon;
				ASSETCATALOG_COMPILER_GLOBAL_ACCENT_COLOR_NAME = AccentColor;
				CODE_SIGN_STYLE = Automatic;
				CURRENT_PROJECT_VERSION = 1;
				DEVELOPMENT_TEAM = AFCN9R4Y39;
				GENERATE_INFOPLIST_FILE = YES;
				INFOPLIST_FILE = MovieDropMessageExtension/Info.plist;
				INFOPLIST_KEY_CFBundleDisplayName = MovieDrop;
				INFOPLIST_KEY_NSHumanReadableCopyright = "";
				LD_RUNPATH_SEARCH_PATHS = (
					"$(inherited)",
					"@executable_path/Frameworks",
					"@executable_path/../../Frameworks",
				);
				MARKETING_VERSION = 1.0;
				PRODUCT_BUNDLE_IDENTIFIER = com.moviedrop.app.MovieDropMessageExtension;
				PRODUCT_NAME = "$(TARGET_NAME)";
				SKIP_INSTALL = YES;
				SWIFT_EMIT_LOC_STRINGS = YES;
				SWIFT_VERSION = 5.0;
				TARGETED_DEVICE_FAMILY = "1,2";
			};
			name = Release;
		};
/* End XCBuildConfiguration section */

/* Begin XCConfigurationList section */
		A1234567890ABCDEF020 /* Build configuration list for PBXNativeTarget "MovieDrop" */ = {
			isa = XCConfigurationList;
			buildConfigurations = (
				A1234567890ABCDEF02B /* Debug */,
				A1234567890ABCDEF02C /* Release */,
			);
			defaultConfigurationIsVisible = 0;
			defaultConfigurationName = Release;
		};
		A1234567890ABCDEF024 /* Build configuration list for PBXNativeTarget "MovieDropMessageExtension" */ = {
			isa = XCConfigurationList;
			buildConfigurations = (
				A1234567890ABCDEF02D /* Debug */,
				A1234567890ABCDEF02E /* Release */,
			);
			defaultConfigurationIsVisible = 0;
			defaultConfigurationName = Release;
		};
		A1234567890ABCDEF027 /* Build configuration list for PBXProject "MovieDrop" */ = {
			isa = XCConfigurationList;
			buildConfigurations = (
				A1234567890ABCDEF029 /* Debug */,
				A1234567890ABCDEF02A /* Release */,
			);
			defaultConfigurationIsVisible = 0;
			defaultConfigurationName = Release;
		};
/* End XCConfigurationList section */
	};
	rootObject = A1234567890ABCDEF012 /* Project object */;
}
